// !$*UTF8*$!
{
	archiveVersion = 1;
	classes = {
	};
	objectVersion = 77;
	objects = {

/* Begin PBXBuildFile section */
		2A4866E02CEE591A00B3EC5B /* NetworkManager in Frameworks */ = {isa = PBXBuildFile; productRef = 2A4866DF2CEE591A00B3EC5B /* NetworkManager */; };
		2A806B972CF2E5300060E1C7 /* LoginInterface in Frameworks */ = {isa = PBXBuildFile; productRef = 2A806B962CF2E5300060E1C7 /* LoginInterface */; };
		2A8D6F492CF02E5F001A6537 /* Utilities in Frameworks */ = {isa = PBXBuildFile; productRef = 2A8D6F482CF02E5F001A6537 /* Utilities */; };
		2A987D612CF332BD003D0DE0 /* Home in Frameworks */ = {isa = PBXBuildFile; productRef = 2A987D602CF332BD003D0DE0 /* Home */; };
		2A987D642CF33315003D0DE0 /* DependencyContainer in Frameworks */ = {isa = PBXBuildFile; productRef = 2A987D632CF33315003D0DE0 /* DependencyContainer */; };
		2AA16D072CF25F1900211581 /* DesignSystem in Frameworks */ = {isa = PBXBuildFile; productRef = 2AA16D062CF25F1900211581 /* DesignSystem */; };
		2AA16D092CF260F300211581 /* Login in Frameworks */ = {isa = PBXBuildFile; productRef = 2AA16D082CF260F300211581 /* Login */; };
/* End PBXBuildFile section */

/* Begin PBXContainerItemProxy section */
		2A48661F2CEE473A00B3EC5B /* PBXContainerItemProxy */ = {
			isa = PBXContainerItemProxy;
			containerPortal = 2A4865FD2CEE473900B3EC5B /* Project object */;
			proxyType = 1;
			remoteGlobalIDString = 2A4866042CEE473900B3EC5B;
			remoteInfo = MedBook;
		};
		2A4866292CEE473A00B3EC5B /* PBXContainerItemProxy */ = {
			isa = PBXContainerItemProxy;
			containerPortal = 2A4865FD2CEE473900B3EC5B /* Project object */;
			proxyType = 1;
			remoteGlobalIDString = 2A4866042CEE473900B3EC5B;
			remoteInfo = MedBook;
		};
/* End PBXContainerItemProxy section */

/* Begin PBXFileReference section */
		2A2703472D0ABF03004D5569 /* BookMarks+CoreDataClass.swift */ = {isa = PBXFileReference; lastKnownFileType = sourcecode.swift; path = "BookMarks+CoreDataClass.swift"; sourceTree = "<group>"; };
		2A2703482D0ABF03004D5569 /* BookMarks+CoreDataProperties.swift */ = {isa = PBXFileReference; lastKnownFileType = sourcecode.swift; path = "BookMarks+CoreDataProperties.swift"; sourceTree = "<group>"; };
		2A4866052CEE473900B3EC5B /* MedBook.app */ = {isa = PBXFileReference; explicitFileType = wrapper.application; includeInIndex = 0; path = MedBook.app; sourceTree = BUILT_PRODUCTS_DIR; };
		2A48661E2CEE473A00B3EC5B /* MedBookTests.xctest */ = {isa = PBXFileReference; explicitFileType = wrapper.cfbundle; includeInIndex = 0; path = MedBookTests.xctest; sourceTree = BUILT_PRODUCTS_DIR; };
		2A4866282CEE473A00B3EC5B /* MedBookUITests.xctest */ = {isa = PBXFileReference; explicitFileType = wrapper.cfbundle; includeInIndex = 0; path = MedBookUITests.xctest; sourceTree = BUILT_PRODUCTS_DIR; };
		2A4866832CEE495C00B3EC5B /* NetworkManager */ = {isa = PBXFileReference; lastKnownFileType = wrapper; path = NetworkManager; sourceTree = "<group>"; };
		2A806B952CF2E4CA0060E1C7 /* LoginInterface */ = {isa = PBXFileReference; lastKnownFileType = wrapper; path = LoginInterface; sourceTree = "<group>"; };
		2A8D6F472CF02DDC001A6537 /* Utilities */ = {isa = PBXFileReference; lastKnownFileType = wrapper; path = Utilities; sourceTree = "<group>"; };
		2A987D622CF33308003D0DE0 /* DependencyContainer */ = {isa = PBXFileReference; lastKnownFileType = wrapper; path = DependencyContainer; sourceTree = "<group>"; };
		2A987D662CF339E1003D0DE0 /* DataBase */ = {isa = PBXFileReference; lastKnownFileType = wrapper; path = DataBase; sourceTree = "<group>"; };
		2A987DB62CF38774003D0DE0 /* User+CoreDataClass.swift */ = {isa = PBXFileReference; lastKnownFileType = sourcecode.swift; path = "User+CoreDataClass.swift"; sourceTree = "<group>"; };
		2A987DB72CF38774003D0DE0 /* User+CoreDataProperties.swift */ = {isa = PBXFileReference; lastKnownFileType = sourcecode.swift; path = "User+CoreDataProperties.swift"; sourceTree = "<group>"; };
		2A987DB92CF38E3D003D0DE0 /* Countries+CoreDataClass.swift */ = {isa = PBXFileReference; lastKnownFileType = sourcecode.swift; path = "Countries+CoreDataClass.swift"; sourceTree = "<group>"; };
		2A987DBA2CF38E3D003D0DE0 /* Countries+CoreDataProperties.swift */ = {isa = PBXFileReference; lastKnownFileType = sourcecode.swift; path = "Countries+CoreDataProperties.swift"; sourceTree = "<group>"; };
		2AA16B952CF234E500211581 /* Login */ = {isa = PBXFileReference; lastKnownFileType = wrapper; path = Login; sourceTree = "<group>"; };
		2AA16C912CF2419500211581 /* DSM */ = {isa = PBXFileReference; lastKnownFileType = wrapper; path = DSM; sourceTree = "<group>"; };
/* End PBXFileReference section */

/* Begin PBXFileSystemSynchronizedBuildFileExceptionSet section */
		2A4866302CEE473A00B3EC5B /* Exceptions for "MedBook" folder in "MedBook" target */ = {
			isa = PBXFileSystemSynchronizedBuildFileExceptionSet;
			membershipExceptions = (
				Info.plist,
			);
			target = 2A4866042CEE473900B3EC5B /* MedBook */;
		};
/* End PBXFileSystemSynchronizedBuildFileExceptionSet section */

/* Begin PBXFileSystemSynchronizedRootGroup section */
		2A4866072CEE473900B3EC5B /* MedBook */ = {
			isa = PBXFileSystemSynchronizedRootGroup;
			exceptions = (
				2A4866302CEE473A00B3EC5B /* Exceptions for "MedBook" folder in "MedBook" target */,
			);
			path = MedBook;
			sourceTree = "<group>";
		};
		2A4866212CEE473A00B3EC5B /* MedBookTests */ = {
			isa = PBXFileSystemSynchronizedRootGroup;
			path = MedBookTests;
			sourceTree = "<group>";
		};
		2A48662B2CEE473A00B3EC5B /* MedBookUITests */ = {
			isa = PBXFileSystemSynchronizedRootGroup;
			path = MedBookUITests;
			sourceTree = "<group>";
		};
		2A987D5B2CF328F0003D0DE0 /* Home */ = {
			isa = PBXFileSystemSynchronizedRootGroup;
			path = Home;
			sourceTree = "<group>";
		};
/* End PBXFileSystemSynchronizedRootGroup section */

/* Begin PBXFrameworksBuildPhase section */
		2A4866022CEE473900B3EC5B /* Frameworks */ = {
			isa = PBXFrameworksBuildPhase;
			buildActionMask = 2147483647;
			files = (
				2AA16D072CF25F1900211581 /* DesignSystem in Frameworks */,
				2A4866E02CEE591A00B3EC5B /* NetworkManager in Frameworks */,
				2A987D642CF33315003D0DE0 /* DependencyContainer in Frameworks */,
				2AA16D092CF260F300211581 /* Login in Frameworks */,
				2A8D6F492CF02E5F001A6537 /* Utilities in Frameworks */,
				2A806B972CF2E5300060E1C7 /* LoginInterface in Frameworks */,
				2A987D612CF332BD003D0DE0 /* Home in Frameworks */,
			);
			runOnlyForDeploymentPostprocessing = 0;
		};
		2A48661B2CEE473A00B3EC5B /* Frameworks */ = {
			isa = PBXFrameworksBuildPhase;
			buildActionMask = 2147483647;
			files = (
			);
			runOnlyForDeploymentPostprocessing = 0;
		};
		2A4866252CEE473A00B3EC5B /* Frameworks */ = {
			isa = PBXFrameworksBuildPhase;
			buildActionMask = 2147483647;
			files = (
			);
			runOnlyForDeploymentPostprocessing = 0;
		};
/* End PBXFrameworksBuildPhase section */

/* Begin PBXGroup section */
		2A4865FC2CEE473900B3EC5B = {
			isa = PBXGroup;
			children = (
				2A2703472D0ABF03004D5569 /* BookMarks+CoreDataClass.swift */,
				2A2703482D0ABF03004D5569 /* BookMarks+CoreDataProperties.swift */,
				2A987DB92CF38E3D003D0DE0 /* Countries+CoreDataClass.swift */,
				2A987DBA2CF38E3D003D0DE0 /* Countries+CoreDataProperties.swift */,
				2A987DB62CF38774003D0DE0 /* User+CoreDataClass.swift */,
				2A987DB72CF38774003D0DE0 /* User+CoreDataProperties.swift */,
				2A987D5B2CF328F0003D0DE0 /* Home */,
				2A806B1F2CF2E0880060E1C7 /* LoginPackage */,
				2A987D662CF339E1003D0DE0 /* DataBase */,
				2A987D622CF33308003D0DE0 /* DependencyContainer */,
				2AA16C912CF2419500211581 /* DSM */,
				2A4866832CEE495C00B3EC5B /* NetworkManager */,
				2A8D6F472CF02DDC001A6537 /* Utilities */,
				2A4866072CEE473900B3EC5B /* MedBook */,
				2A4866212CEE473A00B3EC5B /* MedBookTests */,
				2A48662B2CEE473A00B3EC5B /* MedBookUITests */,
				2A4866DE2CEE591A00B3EC5B /* Frameworks */,
				2A4866062CEE473900B3EC5B /* Products */,
			);
			sourceTree = "<group>";
		};
		2A4866062CEE473900B3EC5B /* Products */ = {
			isa = PBXGroup;
			children = (
				2A4866052CEE473900B3EC5B /* MedBook.app */,
				2A48661E2CEE473A00B3EC5B /* MedBookTests.xctest */,
				2A4866282CEE473A00B3EC5B /* MedBookUITests.xctest */,
			);
			name = Products;
			sourceTree = "<group>";
		};
		2A4866DE2CEE591A00B3EC5B /* Frameworks */ = {
			isa = PBXGroup;
			children = (
			);
			name = Frameworks;
			sourceTree = "<group>";
		};
		2A806B1F2CF2E0880060E1C7 /* LoginPackage */ = {
			isa = PBXGroup;
			children = (
				2AA16B952CF234E500211581 /* Login */,
				2A806B952CF2E4CA0060E1C7 /* LoginInterface */,
			);
			path = LoginPackage;
			sourceTree = "<group>";
		};
/* End PBXGroup section */

/* Begin PBXNativeTarget section */
		2A4866042CEE473900B3EC5B /* MedBook */ = {
			isa = PBXNativeTarget;
			buildConfigurationList = 2A4866312CEE473A00B3EC5B /* Build configuration list for PBXNativeTarget "MedBook" */;
			buildPhases = (
				2A4866012CEE473900B3EC5B /* Sources */,
				2A4866022CEE473900B3EC5B /* Frameworks */,
				2A4866032CEE473900B3EC5B /* Resources */,
			);
			buildRules = (
			);
			dependencies = (
			);
			fileSystemSynchronizedGroups = (
				2A4866072CEE473900B3EC5B /* MedBook */,
			);
			name = MedBook;
			packageProductDependencies = (
				2A4866DF2CEE591A00B3EC5B /* NetworkManager */,
				2A8D6F482CF02E5F001A6537 /* Utilities */,
				2AA16D062CF25F1900211581 /* DesignSystem */,
				2AA16D082CF260F300211581 /* Login */,
				2A806B962CF2E5300060E1C7 /* LoginInterface */,
				2A987D602CF332BD003D0DE0 /* Home */,
				2A987D632CF33315003D0DE0 /* DependencyContainer */,
			);
			productName = MedBook;
			productReference = 2A4866052CEE473900B3EC5B /* MedBook.app */;
			productType = "com.apple.product-type.application";
		};
		2A48661D2CEE473A00B3EC5B /* MedBookTests */ = {
			isa = PBXNativeTarget;
			buildConfigurationList = 2A4866362CEE473A00B3EC5B /* Build configuration list for PBXNativeTarget "MedBookTests" */;
			buildPhases = (
				2A48661A2CEE473A00B3EC5B /* Sources */,
				2A48661B2CEE473A00B3EC5B /* Frameworks */,
				2A48661C2CEE473A00B3EC5B /* Resources */,
			);
			buildRules = (
			);
			dependencies = (
				2A4866202CEE473A00B3EC5B /* PBXTargetDependency */,
			);
			fileSystemSynchronizedGroups = (
				2A4866212CEE473A00B3EC5B /* MedBookTests */,
			);
			name = MedBookTests;
			packageProductDependencies = (
			);
			productName = MedBookTests;
			productReference = 2A48661E2CEE473A00B3EC5B /* MedBookTests.xctest */;
			productType = "com.apple.product-type.bundle.unit-test";
		};
		2A4866272CEE473A00B3EC5B /* MedBookUITests */ = {
			isa = PBXNativeTarget;
			buildConfigurationList = 2A4866392CEE473A00B3EC5B /* Build configuration list for PBXNativeTarget "MedBookUITests" */;
			buildPhases = (
				2A4866242CEE473A00B3EC5B /* Sources */,
				2A4866252CEE473A00B3EC5B /* Frameworks */,
				2A4866262CEE473A00B3EC5B /* Resources */,
			);
			buildRules = (
			);
			dependencies = (
				2A48662A2CEE473A00B3EC5B /* PBXTargetDependency */,
			);
			fileSystemSynchronizedGroups = (
				2A48662B2CEE473A00B3EC5B /* MedBookUITests */,
			);
			name = MedBookUITests;
			packageProductDependencies = (
			);
			productName = MedBookUITests;
			productReference = 2A4866282CEE473A00B3EC5B /* MedBookUITests.xctest */;
			productType = "com.apple.product-type.bundle.ui-testing";
		};
/* End PBXNativeTarget section */

/* Begin PBXProject section */
		2A4865FD2CEE473900B3EC5B /* Project object */ = {
			isa = PBXProject;
			attributes = {
				BuildIndependentTargetsInParallel = 1;
				LastSwiftUpdateCheck = 1610;
				LastUpgradeCheck = 1610;
				TargetAttributes = {
					2A4866042CEE473900B3EC5B = {
						CreatedOnToolsVersion = 16.1;
					};
					2A48661D2CEE473A00B3EC5B = {
						CreatedOnToolsVersion = 16.1;
						TestTargetID = 2A4866042CEE473900B3EC5B;
					};
					2A4866272CEE473A00B3EC5B = {
						CreatedOnToolsVersion = 16.1;
						TestTargetID = 2A4866042CEE473900B3EC5B;
					};
				};
			};
			buildConfigurationList = 2A4866002CEE473900B3EC5B /* Build configuration list for PBXProject "MedBook" */;
			developmentRegion = en;
			hasScannedForEncodings = 0;
			knownRegions = (
				en,
				Base,
			);
			mainGroup = 2A4865FC2CEE473900B3EC5B;
			minimizedProjectReferenceProxies = 1;
			preferredProjectObjectVersion = 77;
			productRefGroup = 2A4866062CEE473900B3EC5B /* Products */;
			projectDirPath = "";
			projectRoot = "";
			targets = (
				2A4866042CEE473900B3EC5B /* MedBook */,
				2A48661D2CEE473A00B3EC5B /* MedBookTests */,
				2A4866272CEE473A00B3EC5B /* MedBookUITests */,
			);
		};
/* End PBXProject section */

/* Begin PBXResourcesBuildPhase section */
		2A4866032CEE473900B3EC5B /* Resources */ = {
			isa = PBXResourcesBuildPhase;
			buildActionMask = 2147483647;
			files = (
			);
			runOnlyForDeploymentPostprocessing = 0;
		};
		2A48661C2CEE473A00B3EC5B /* Resources */ = {
			isa = PBXResourcesBuildPhase;
			buildActionMask = 2147483647;
			files = (
			);
			runOnlyForDeploymentPostprocessing = 0;
		};
		2A4866262CEE473A00B3EC5B /* Resources */ = {
			isa = PBXResourcesBuildPhase;
			buildActionMask = 2147483647;
			files = (
			);
			runOnlyForDeploymentPostprocessing = 0;
		};
/* End PBXResourcesBuildPhase section */

/* Begin PBXSourcesBuildPhase section */
		2A4866012CEE473900B3EC5B /* Sources */ = {
			isa = PBXSourcesBuildPhase;
			buildActionMask = 2147483647;
			files = (
			);
			runOnlyForDeploymentPostprocessing = 0;
		};
		2A48661A2CEE473A00B3EC5B /* Sources */ = {
			isa = PBXSourcesBuildPhase;
			buildActionMask = 2147483647;
			files = (
			);
			runOnlyForDeploymentPostprocessing = 0;
		};
		2A4866242CEE473A00B3EC5B /* Sources */ = {
			isa = PBXSourcesBuildPhase;
			buildActionMask = 2147483647;
			files = (
			);
			runOnlyForDeploymentPostprocessing = 0;
		};
/* End PBXSourcesBuildPhase section */

/* Begin PBXTargetDependency section */
		2A4866202CEE473A00B3EC5B /* PBXTargetDependency */ = {
			isa = PBXTargetDependency;
			target = 2A4866042CEE473900B3EC5B /* MedBook */;
			targetProxy = 2A48661F2CEE473A00B3EC5B /* PBXContainerItemProxy */;
		};
		2A48662A2CEE473A00B3EC5B /* PBXTargetDependency */ = {
			isa = PBXTargetDependency;
			target = 2A4866042CEE473900B3EC5B /* MedBook */;
			targetProxy = 2A4866292CEE473A00B3EC5B /* PBXContainerItemProxy */;
		};
/* End PBXTargetDependency section */

/* Begin XCBuildConfiguration section */
		2A4866322CEE473A00B3EC5B /* Debug */ = {
			isa = XCBuildConfiguration;
			buildSettings = {
				ASSETCATALOG_COMPILER_APPICON_NAME = AppIcon;
				ASSETCATALOG_COMPILER_GLOBAL_ACCENT_COLOR_NAME = AccentColor;
				CODE_SIGN_STYLE = Automatic;
				CURRENT_PROJECT_VERSION = 1;
				DEVELOPMENT_TEAM = LFMXCJUU8Y;
				GENERATE_INFOPLIST_FILE = YES;
				INFOPLIST_FILE = MedBook/Info.plist;
				INFOPLIST_KEY_LSApplicationCategoryType = "";
				INFOPLIST_KEY_UIApplicationSupportsIndirectInputEvents = YES;
				INFOPLIST_KEY_UILaunchStoryboardName = LaunchScreen;
				INFOPLIST_KEY_UISupportedInterfaceOrientations_iPad = "UIInterfaceOrientationPortrait UIInterfaceOrientationPortraitUpsideDown UIInterfaceOrientationLandscapeLeft UIInterfaceOrientationLandscapeRight";
				INFOPLIST_KEY_UISupportedInterfaceOrientations_iPhone = "UIInterfaceOrientationPortrait UIInterfaceOrientationLandscapeLeft UIInterfaceOrientationLandscapeRight";
				LD_RUNPATH_SEARCH_PATHS = (
					"$(inherited)",
					"@executable_path/Frameworks",
				);
				MARKETING_VERSION = 1.0;
				PRODUCT_BUNDLE_IDENTIFIER = com.test.MedBook;
				PRODUCT_NAME = "$(TARGET_NAME)";
				SWIFT_EMIT_LOC_STRINGS = YES;
				SWIFT_VERSION = 5.0;
				TARGETED_DEVICE_FAMILY = "1,2";
			};
			name = Debug;
		};
		2A4866332CEE473A00B3EC5B /* Release */ = {
			isa = XCBuildConfiguration;
			buildSettings = {
				ASSETCATALOG_COMPILER_APPICON_NAME = AppIcon;
				ASSETCATALOG_COMPILER_GLOBAL_ACCENT_COLOR_NAME = AccentColor;
				CODE_SIGN_STYLE = Automatic;
				CURRENT_PROJECT_VERSION = 1;
				DEVELOPMENT_TEAM = LFMXCJUU8Y;
				GENERATE_INFOPLIST_FILE = YES;
				INFOPLIST_FILE = MedBook/Info.plist;
				INFOPLIST_KEY_LSApplicationCategoryType = "";
				INFOPLIST_KEY_UIApplicationSupportsIndirectInputEvents = YES;
				INFOPLIST_KEY_UILaunchStoryboardName = LaunchScreen;
				INFOPLIST_KEY_UISupportedInterfaceOrientations_iPad = "UIInterfaceOrientationPortrait UIInterfaceOrientationPortraitUpsideDown UIInterfaceOrientationLandscapeLeft UIInterfaceOrientationLandscapeRight";
				INFOPLIST_KEY_UISupportedInterfaceOrientations_iPhone = "UIInterfaceOrientationPortrait UIInterfaceOrientationLandscapeLeft UIInterfaceOrientationLandscapeRight";
				LD_RUNPATH_SEARCH_PATHS = (
					"$(inherited)",
					"@executable_path/Frameworks",
				);
				MARKETING_VERSION = 1.0;
				PRODUCT_BUNDLE_IDENTIFIER = com.test.MedBook;
				PRODUCT_NAME = "$(TARGET_NAME)";
				SWIFT_EMIT_LOC_STRINGS = YES;
				SWIFT_VERSION = 5.0;
				TARGETED_DEVICE_FAMILY = "1,2";
			};
			name = Release;
		};
		2A4866342CEE473A00B3EC5B /* Debug */ = {
			isa = XCBuildConfiguration;
			buildSettings = {
				ALWAYS_SEARCH_USER_PATHS = NO;
				ASSETCATALOG_COMPILER_GENERATE_SWIFT_ASSET_SYMBOL_EXTENSIONS = YES;
				CLANG_ANALYZER_NONNULL = YES;
				CLANG_ANALYZER_NUMBER_OBJECT_CONVERSION = YES_AGGRESSIVE;
				CLANG_CXX_LANGUAGE_STANDARD = "gnu++20";
				CLANG_ENABLE_MODULES = YES;
				CLANG_ENABLE_OBJC_ARC = YES;
				CLANG_ENABLE_OBJC_WEAK = YES;
				CLANG_WARN_BLOCK_CAPTURE_AUTORELEASING = YES;
				CLANG_WARN_BOOL_CONVERSION = YES;
				CLANG_WARN_COMMA = YES;
				CLANG_WARN_CONSTANT_CONVERSION = YES;
				CLANG_WARN_DEPRECATED_OBJC_IMPLEMENTATIONS = YES;
				CLANG_WARN_DIRECT_OBJC_ISA_USAGE = YES_ERROR;
				CLANG_WARN_DOCUMENTATION_COMMENTS = YES;
				CLANG_WARN_EMPTY_BODY = YES;
				CLANG_WARN_ENUM_CONVERSION = YES;
				CLANG_WARN_INFINITE_RECURSION = YES;
				CLANG_WARN_INT_CONVERSION = YES;
				CLANG_WARN_NON_LITERAL_NULL_CONVERSION = YES;
				CLANG_WARN_OBJC_IMPLICIT_RETAIN_SELF = YES;
				CLANG_WARN_OBJC_LITERAL_CONVERSION = YES;
				CLANG_WARN_OBJC_ROOT_CLASS = YES_ERROR;
				CLANG_WARN_QUOTED_INCLUDE_IN_FRAMEWORK_HEADER = YES;
				CLANG_WARN_RANGE_LOOP_ANALYSIS = YES;
				CLANG_WARN_STRICT_PROTOTYPES = YES;
				CLANG_WARN_SUSPICIOUS_MOVE = YES;
				CLANG_WARN_UNGUARDED_AVAILABILITY = YES_AGGRESSIVE;
				CLANG_WARN_UNREACHABLE_CODE = YES;
				CLANG_WARN__DUPLICATE_METHOD_MATCH = YES;
				COPY_PHASE_STRIP = NO;
				DEBUG_INFORMATION_FORMAT = dwarf;
				ENABLE_STRICT_OBJC_MSGSEND = YES;
				ENABLE_TESTABILITY = YES;
				ENABLE_USER_SCRIPT_SANDBOXING = YES;
				GCC_C_LANGUAGE_STANDARD = gnu17;
				GCC_DYNAMIC_NO_PIC = NO;
				GCC_NO_COMMON_BLOCKS = YES;
				GCC_OPTIMIZATION_LEVEL = 0;
				GCC_PREPROCESSOR_DEFINITIONS = (
					"DEBUG=1",
					"$(inherited)",
				);
				GCC_WARN_64_TO_32_BIT_CONVERSION = YES;
				GCC_WARN_ABOUT_RETURN_TYPE = YES_ERROR;
				GCC_WARN_UNDECLARED_SELECTOR = YES;
				GCC_WARN_UNINITIALIZED_AUTOS = YES_AGGRESSIVE;
				GCC_WARN_UNUSED_FUNCTION = YES;
				GCC_WARN_UNUSED_VARIABLE = YES;
				IPHONEOS_DEPLOYMENT_TARGET = 18.1;
				LOCALIZATION_PREFERS_STRING_CATALOGS = YES;
				MTL_ENABLE_DEBUG_INFO = INCLUDE_SOURCE;
				MTL_FAST_MATH = YES;
				ONLY_ACTIVE_ARCH = YES;
				SDKROOT = iphoneos;
				SWIFT_ACTIVE_COMPILATION_CONDITIONS = "DEBUG $(inherited)";
				SWIFT_OPTIMIZATION_LEVEL = "-Onone";
			};
			name = Debug;
		};
		2A4866352CEE473A00B3EC5B /* Release */ = {
			isa = XCBuildConfiguration;
			buildSettings = {
				ALWAYS_SEARCH_USER_PATHS = NO;
				ASSETCATALOG_COMPILER_GENERATE_SWIFT_ASSET_SYMBOL_EXTENSIONS = YES;
				CLANG_ANALYZER_NONNULL = YES;
				CLANG_ANALYZER_NUMBER_OBJECT_CONVERSION = YES_AGGRESSIVE;
				CLANG_CXX_LANGUAGE_STANDARD = "gnu++20";
				CLANG_ENABLE_MODULES = YES;
				CLANG_ENABLE_OBJC_ARC = YES;
				CLANG_ENABLE_OBJC_WEAK = YES;
				CLANG_WARN_BLOCK_CAPTURE_AUTORELEASING = YES;
				CLANG_WARN_BOOL_CONVERSION = YES;
				CLANG_WARN_COMMA = YES;
				CLANG_WARN_CONSTANT_CONVERSION = YES;
				CLANG_WARN_DEPRECATED_OBJC_IMPLEMENTATIONS = YES;
				CLANG_WARN_DIRECT_OBJC_ISA_USAGE = YES_ERROR;
				CLANG_WARN_DOCUMENTATION_COMMENTS = YES;
				CLANG_WARN_EMPTY_BODY = YES;
				CLANG_WARN_ENUM_CONVERSION = YES;
				CLANG_WARN_INFINITE_RECURSION = YES;
				CLANG_WARN_INT_CONVERSION = YES;
				CLANG_WARN_NON_LITERAL_NULL_CONVERSION = YES;
				CLANG_WARN_OBJC_IMPLICIT_RETAIN_SELF = YES;
				CLANG_WARN_OBJC_LITERAL_CONVERSION = YES;
				CLANG_WARN_OBJC_ROOT_CLASS = YES_ERROR;
				CLANG_WARN_QUOTED_INCLUDE_IN_FRAMEWORK_HEADER = YES;
				CLANG_WARN_RANGE_LOOP_ANALYSIS = YES;
				CLANG_WARN_STRICT_PROTOTYPES = YES;
				CLANG_WARN_SUSPICIOUS_MOVE = YES;
				CLANG_WARN_UNGUARDED_AVAILABILITY = YES_AGGRESSIVE;
				CLANG_WARN_UNREACHABLE_CODE = YES;
				CLANG_WARN__DUPLICATE_METHOD_MATCH = YES;
				COPY_PHASE_STRIP = NO;
				DEBUG_INFORMATION_FORMAT = "dwarf-with-dsym";
				ENABLE_NS_ASSERTIONS = NO;
				ENABLE_STRICT_OBJC_MSGSEND = YES;
				ENABLE_USER_SCRIPT_SANDBOXING = YES;
				GCC_C_LANGUAGE_STANDARD = gnu17;
				GCC_NO_COMMON_BLOCKS = YES;
				GCC_WARN_64_TO_32_BIT_CONVERSION = YES;
				GCC_WARN_ABOUT_RETURN_TYPE = YES_ERROR;
				GCC_WARN_UNDECLARED_SELECTOR = YES;
				GCC_WARN_UNINITIALIZED_AUTOS = YES_AGGRESSIVE;
				GCC_WARN_UNUSED_FUNCTION = YES;
				GCC_WARN_UNUSED_VARIABLE = YES;
				IPHONEOS_DEPLOYMENT_TARGET = 18.1;
				LOCALIZATION_PREFERS_STRING_CATALOGS = YES;
				MTL_ENABLE_DEBUG_INFO = NO;
				MTL_FAST_MATH = YES;
				SDKROOT = iphoneos;
				SWIFT_COMPILATION_MODE = wholemodule;
				VALIDATE_PRODUCT = YES;
			};
			name = Release;
		};
		2A4866372CEE473A00B3EC5B /* Debug */ = {
			isa = XCBuildConfiguration;
			buildSettings = {
				BUNDLE_LOADER = "$(TEST_HOST)";
				CODE_SIGN_STYLE = Automatic;
				CURRENT_PROJECT_VERSION = 1;
				DEVELOPMENT_TEAM = LFMXCJUU8Y;
				GENERATE_INFOPLIST_FILE = YES;
				IPHONEOS_DEPLOYMENT_TARGET = 18.1;
				MARKETING_VERSION = 1.0;
				PRODUCT_BUNDLE_IDENTIFIER = com.test.MedBookTests;
				PRODUCT_NAME = "$(TARGET_NAME)";
				SWIFT_EMIT_LOC_STRINGS = NO;
				SWIFT_VERSION = 5.0;
				TARGETED_DEVICE_FAMILY = "1,2";
				TEST_HOST = "$(BUILT_PRODUCTS_DIR)/MedBook.app/$(BUNDLE_EXECUTABLE_FOLDER_PATH)/MedBook";
			};
			name = Debug;
		};
		2A4866382CEE473A00B3EC5B /* Release */ = {
			isa = XCBuildConfiguration;
			buildSettings = {
				BUNDLE_LOADER = "$(TEST_HOST)";
				CODE_SIGN_STYLE = Automatic;
				CURRENT_PROJECT_VERSION = 1;
				DEVELOPMENT_TEAM = LFMXCJUU8Y;
				GENERATE_INFOPLIST_FILE = YES;
				IPHONEOS_DEPLOYMENT_TARGET = 18.1;
				MARKETING_VERSION = 1.0;
				PRODUCT_BUNDLE_IDENTIFIER = com.test.MedBookTests;
				PRODUCT_NAME = "$(TARGET_NAME)";
				SWIFT_EMIT_LOC_STRINGS = NO;
				SWIFT_VERSION = 5.0;
				TARGETED_DEVICE_FAMILY = "1,2";
				TEST_HOST = "$(BUILT_PRODUCTS_DIR)/MedBook.app/$(BUNDLE_EXECUTABLE_FOLDER_PATH)/MedBook";
			};
			name = Release;
		};
		2A48663A2CEE473A00B3EC5B /* Debug */ = {
			isa = XCBuildConfiguration;
			buildSettings = {
				CODE_SIGN_STYLE = Automatic;
				CURRENT_PROJECT_VERSION = 1;
				DEVELOPMENT_TEAM = LFMXCJUU8Y;
				GENERATE_INFOPLIST_FILE = YES;
				MARKETING_VERSION = 1.0;
				PRODUCT_BUNDLE_IDENTIFIER = com.test.MedBookUITests;
				PRODUCT_NAME = "$(TARGET_NAME)";
				SWIFT_EMIT_LOC_STRINGS = NO;
				SWIFT_VERSION = 5.0;
				TARGETED_DEVICE_FAMILY = "1,2";
				TEST_TARGET_NAME = MedBook;
			};
			name = Debug;
		};
		2A48663B2CEE473A00B3EC5B /* Release */ = {
			isa = XCBuildConfiguration;
			buildSettings = {
				CODE_SIGN_STYLE = Automatic;
				CURRENT_PROJECT_VERSION = 1;
				DEVELOPMENT_TEAM = LFMXCJUU8Y;
				GENERATE_INFOPLIST_FILE = YES;
				MARKETING_VERSION = 1.0;
				PRODUCT_BUNDLE_IDENTIFIER = com.test.MedBookUITests;
				PRODUCT_NAME = "$(TARGET_NAME)";
				SWIFT_EMIT_LOC_STRINGS = NO;
				SWIFT_VERSION = 5.0;
				TARGETED_DEVICE_FAMILY = "1,2";
				TEST_TARGET_NAME = MedBook;
			};
			name = Release;
		};
/* End XCBuildConfiguration section */

/* Begin XCConfigurationList section */
		2A4866002CEE473900B3EC5B /* Build configuration list for PBXProject "MedBook" */ = {
			isa = XCConfigurationList;
			buildConfigurations = (
				2A4866342CEE473A00B3EC5B /* Debug */,
				2A4866352CEE473A00B3EC5B /* Release */,
			);
			defaultConfigurationIsVisible = 0;
			defaultConfigurationName = Release;
		};
		2A4866312CEE473A00B3EC5B /* Build configuration list for PBXNativeTarget "MedBook" */ = {
			isa = XCConfigurationList;
			buildConfigurations = (
				2A4866322CEE473A00B3EC5B /* Debug */,
				2A4866332CEE473A00B3EC5B /* Release */,
			);
			defaultConfigurationIsVisible = 0;
			defaultConfigurationName = Release;
		};
		2A4866362CEE473A00B3EC5B /* Build configuration list for PBXNativeTarget "MedBookTests" */ = {
			isa = XCConfigurationList;
			buildConfigurations = (
				2A4866372CEE473A00B3EC5B /* Debug */,
				2A4866382CEE473A00B3EC5B /* Release */,
			);
			defaultConfigurationIsVisible = 0;
			defaultConfigurationName = Release;
		};
		2A4866392CEE473A00B3EC5B /* Build configuration list for PBXNativeTarget "MedBookUITests" */ = {
			isa = XCConfigurationList;
			buildConfigurations = (
				2A48663A2CEE473A00B3EC5B /* Debug */,
				2A48663B2CEE473A00B3EC5B /* Release */,
			);
			defaultConfigurationIsVisible = 0;
			defaultConfigurationName = Release;
		};
/* End XCConfigurationList section */

/* Begin XCSwiftPackageProductDependency section */
		2A4866DF2CEE591A00B3EC5B /* NetworkManager */ = {
			isa = XCSwiftPackageProductDependency;
			productName = NetworkManager;
		};
		2A806B962CF2E5300060E1C7 /* LoginInterface */ = {
			isa = XCSwiftPackageProductDependency;
			productName = LoginInterface;
		};
		2A8D6F482CF02E5F001A6537 /* Utilities */ = {
			isa = XCSwiftPackageProductDependency;
			productName = Utilities;
		};
		2A987D602CF332BD003D0DE0 /* Home */ = {
			isa = XCSwiftPackageProductDependency;
			productName = Home;
		};
		2A987D632CF33315003D0DE0 /* DependencyContainer */ = {
			isa = XCSwiftPackageProductDependency;
			productName = DependencyContainer;
		};
		2AA16D062CF25F1900211581 /* DesignSystem */ = {
			isa = XCSwiftPackageProductDependency;
			productName = DesignSystem;
		};
		2AA16D082CF260F300211581 /* Login */ = {
			isa = XCSwiftPackageProductDependency;
			productName = Login;
		};
/* End XCSwiftPackageProductDependency section */
	};
	rootObject = 2A4865FD2CEE473900B3EC5B /* Project object */;
}
